
Microsoft Visual Studio Solution File, Format Version 12.00
# Visual Studio Version 17
VisualStudioVersion = 17.4.33403.182
MinimumVisualStudioVersion = 10.0.40219.1
Project("{FAE04EC0-301F-11D3-BF4B-00C04F79EFBC}") = "Propuesta Pros Img", "Propuesta Pros Img\Propuesta Pros Img.csproj", "{C6F81A75-A2BB-4534-8271-B00D800038A6}"
EndProject
Global
	GlobalSection(SolutionConfigurationPlatforms) = preSolution
		Debug|Any CPU = Debug|Any CPU
		Release|Any CPU = Release|Any CPU
	EndGlobalSection
	GlobalSection(ProjectConfigurationPlatforms) = postSolution
		{C6F81A75-A2BB-4534-8271-B00D800038A6}.Debug|Any CPU.ActiveCfg = Debug|Any CPU
		{C6F81A75-A2BB-4534-8271-B00D800038A6}.Debug|Any CPU.Build.0 = Debug|Any CPU
		{C6F81A75-A2BB-4534-8271-B00D800038A6}.Release|Any CPU.ActiveCfg = Release|Any CPU
		{C6F81A75-A2BB-4534-8271-B00D800038A6}.Release|Any CPU.Build.0 = Release|Any CPU
	EndGlobalSection
	GlobalSection(SolutionProperties) = preSolution
		HideSolutionNode = FALSE
	EndGlobalSection
	GlobalSection(ExtensibilityGlobals) = postSolution
		SolutionGuid = {2DAFB755-1E24-4153-8CD1-15468B5C56CF}
	EndGlobalSection
EndGlobal
